
Microsoft Visual Studio Solution File, Format Version 12.00
# Visual Studio 15
VisualStudioVersion = 15.0.28307.1778
MinimumVisualStudioVersion = 10.0.40219.1
Project("{FAE04EC0-301F-11D3-BF4B-00C04F79EFBC}") = "JazAndSeanSATProject.UI.MVC", "JazAndSeanSATProject.UI.MVC\JazAndSeanSATProject.UI.MVC.csproj", "{2FE9F912-A303-48B5-8ADE-EE30B27126B8}"
EndProject
Project("{FAE04EC0-301F-11D3-BF4B-00C04F79EFBC}") = "JazAndSeanSATProject.DATA.EF", "JazAndSeanSATProject.DATA.EF\JazAndSeanSATProject.DATA.EF.csproj", "{491DE826-ED82-4D5E-A904-4B0B96F04CC8}"
EndProject
Project("{2150E333-8FDC-42A3-9474-1A3956D46DE8}") = "Solution Items", "Solution Items", "{34B621DF-820D-4647-8A59-11B6DE182406}"
	ProjectSection(SolutionItems) = preProject
		.gitignore = .gitignore
	EndProjectSection
EndProject
Global
	GlobalSection(SolutionConfigurationPlatforms) = preSolution
		Debug|Any CPU = Debug|Any CPU
		Release|Any CPU = Release|Any CPU
	EndGlobalSection
	GlobalSection(ProjectConfigurationPlatforms) = postSolution
		{2FE9F912-A303-48B5-8ADE-EE30B27126B8}.Debug|Any CPU.ActiveCfg = Debug|Any CPU
		{2FE9F912-A303-48B5-8ADE-EE30B27126B8}.Debug|Any CPU.Build.0 = Debug|Any CPU
		{2FE9F912-A303-48B5-8ADE-EE30B27126B8}.Release|Any CPU.ActiveCfg = Release|Any CPU
		{2FE9F912-A303-48B5-8ADE-EE30B27126B8}.Release|Any CPU.Build.0 = Release|Any CPU
		{491DE826-ED82-4D5E-A904-4B0B96F04CC8}.Debug|Any CPU.ActiveCfg = Debug|Any CPU
		{491DE826-ED82-4D5E-A904-4B0B96F04CC8}.Debug|Any CPU.Build.0 = Debug|Any CPU
		{491DE826-ED82-4D5E-A904-4B0B96F04CC8}.Release|Any CPU.ActiveCfg = Release|Any CPU
		{491DE826-ED82-4D5E-A904-4B0B96F04CC8}.Release|Any CPU.Build.0 = Release|Any CPU
	EndGlobalSection
	GlobalSection(SolutionProperties) = preSolution
		HideSolutionNode = FALSE
	EndGlobalSection
	GlobalSection(ExtensibilityGlobals) = postSolution
		SolutionGuid = {D3F25A79-C9A5-44AE-A156-05949D2DCF74}
	EndGlobalSection
EndGlobal
